Microsoft Visual Studio Solution File, Format Version 11.00
# Visual Studio 2008

Project("{A08CB4C5-75A0-F9FE-7085-C8574F33B0FB}") = "TheCubeWithin", "Assembly-CSharp.csproj", "{D14B9C85-889B-8BC9-C28C-62F16CFA210A}"
EndProject
Project("{A08CB4C5-75A0-F9FE-7085-C8574F33B0FB}") = "TheCubeWithin", "Assembly-CSharp-Editor.csproj", "{9B26EC8C-15A2-05B3-48BC-9B738471AD5C}"
EndProject
Global
	GlobalSection(SolutionConfigurationPlatforms) = preSolution
		Debug|Any CPU = Debug|Any CPU
		Release|Any CPU = Release|Any CPU
	EndGlobalSection
	GlobalSection(ProjectConfigurationPlatforms) = postSolution
		{D14B9C85-889B-8BC9-C28C-62F16CFA210A}.Debug|Any CPU.ActiveCfg = Debug|Any CPU
		{D14B9C85-889B-8BC9-C28C-62F16CFA210A}.Debug|Any CPU.Build.0 = Debug|Any CPU
		{D14B9C85-889B-8BC9-C28C-62F16CFA210A}.Release|Any CPU.ActiveCfg = Release|Any CPU
		{D14B9C85-889B-8BC9-C28C-62F16CFA210A}.Release|Any CPU.Build.0 = Release|Any CPU
		{9B26EC8C-15A2-05B3-48BC-9B738471AD5C}.Debug|Any CPU.ActiveCfg = Debug|Any CPU
		{9B26EC8C-15A2-05B3-48BC-9B738471AD5C}.Debug|Any CPU.Build.0 = Debug|Any CPU
		{9B26EC8C-15A2-05B3-48BC-9B738471AD5C}.Release|Any CPU.ActiveCfg = Release|Any CPU
		{9B26EC8C-15A2-05B3-48BC-9B738471AD5C}.Release|Any CPU.Build.0 = Release|Any CPU
	EndGlobalSection
	GlobalSection(SolutionProperties) = preSolution
		HideSolutionNode = FALSE
	EndGlobalSection
																		GlobalSection(MonoDevelopProperties) = preSolution
		StartupItem = Assembly-CSharp.csproj
		Policies = $0
		$0.TextStylePolicy = $1
		$1.inheritsSet = null
		$1.scope = text/x-csharp
		$0.CSharpFormattingPolicy = $2
		$2.inheritsSet = Mono
		$2.inheritsScope = text/x-csharp
		$2.scope = text/x-csharp
		$0.TextStylePolicy = $3
		$3.FileWidth = 120
		$3.TabWidth = 4
		$3.IndentWidth = 4
		$3.EolMarker = Unix
		$3.inheritsSet = Mono
		$3.inheritsScope = text/plain
		$3.scope = text/plain
	EndGlobalSection

EndGlobal
